dependencies:
- name: redis
  repository: https://charts.bitnami.com/bitnami
  version: 16.12.2
- name: postgresql
  repository: https://charts.bitnami.com/bitnami
  version: 11.6.6
digest: sha256:b860362a56cc7fce2dbb85f25280c0d8620100797e96bb20e0df0d6d18a1125e
generated: "2022-06-15T22:45:40.930814799+10:00"
