dependencies:
- name: redis
  repository: https://charts.bitnami.com/bitnami
  version: 16.9.7
- name: postgresql
  repository: https://charts.bitnami.com/bitnami
  version: 11.2.4
digest: sha256:eac29860b0daacd97ca64460893275d45f020b227729a7dcd947a98944ee7385
generated: "2022-05-19T23:48:30.754067615+10:00"
